version = 1
revision = 2
requires-python = ">=3.10"

[[package]]
name = "cookbook-basic-python"
version = "0.1"
source = { virtual = "." }
dependencies = [
    { name = "temporalio" },
]

[package.metadata]
requires-dist = [{ name = "temporalio", specifier = ">=1.15.0,<2" }]

[[package]]
name = "nexus-rpc"
version = "1.1.0"
source = { registry = "https://pypi.org/simple" }
dependencies = [
    { name = "typing-extensions" },
]
sdist = { url = "https://files.pythonhosted.org/packages/ef/66/540687556bd28cf1ec370cc6881456203dfddb9dab047b8979c6865b5984/nexus_rpc-1.1.0.tar.gz", hash = "sha256:d65ad6a2f54f14e53ebe39ee30555eaeb894102437125733fb13034a04a44553", size = 77383, upload-time = "2025-07-07T19:03:58.368Z" }
wheels = [
    { url = "https://files.pythonhosted.org/packages/bf/2f/9e9d0dcaa4c6ffa22b7aa31069a8a264c753ff8027b36af602cce038c92f/nexus_rpc-1.1.0-py3-none-any.whl", hash = "sha256:d1b007af2aba186a27e736f8eaae39c03aed05b488084ff6c3d1785c9ba2ad38", size = 27743, upload-time = "2025-07-07T19:03:57.556Z" },
]

[[package]]
name = "protobuf"
version = "5.29.5"
source = { registry = "https://pypi.org/simple" }
sdist = { url = "https://files.pythonhosted.org/packages/43/29/d09e70352e4e88c9c7a198d5645d7277811448d76c23b00345670f7c8a38/protobuf-5.29.5.tar.gz", hash = "sha256:bc1463bafd4b0929216c35f437a8e28731a2b7fe3d98bb77a600efced5a15c84", size = 425226, upload-time = "2025-05-28T23:51:59.82Z" }
wheels = [
    { url = "https://files.pythonhosted.org/packages/5f/11/6e40e9fc5bba02988a214c07cf324595789ca7820160bfd1f8be96e48539/protobuf-5.29.5-cp310-abi3-win32.whl", hash = "sha256:3f1c6468a2cfd102ff4703976138844f78ebd1fb45f49011afc5139e9e283079", size = 422963, upload-time = "2025-05-28T23:51:41.204Z" },
    { url = "https://files.pythonhosted.org/packages/81/7f/73cefb093e1a2a7c3ffd839e6f9fcafb7a427d300c7f8aef9c64405d8ac6/protobuf-5.29.5-cp310-abi3-win_amd64.whl", hash = "sha256:3f76e3a3675b4a4d867b52e4a5f5b78a2ef9565549d4037e06cf7b0942b1d3fc", size = 434818, upload-time = "2025-05-28T23:51:44.297Z" },
    { url = "https://files.pythonhosted.org/packages/dd/73/10e1661c21f139f2c6ad9b23040ff36fee624310dc28fba20d33fdae124c/protobuf-5.29.5-cp38-abi3-macosx_10_9_universal2.whl", hash = "sha256:e38c5add5a311f2a6eb0340716ef9b039c1dfa428b28f25a7838ac329204a671", size = 418091, upload-time = "2025-05-28T23:51:45.907Z" },
    { url = "https://files.pythonhosted.org/packages/6c/04/98f6f8cf5b07ab1294c13f34b4e69b3722bb609c5b701d6c169828f9f8aa/protobuf-5.29.5-cp38-abi3-manylinux2014_aarch64.whl", hash = "sha256:fa18533a299d7ab6c55a238bf8629311439995f2e7eca5caaff08663606e9015", size = 319824, upload-time = "2025-05-28T23:51:47.545Z" },
    { url = "https://files.pythonhosted.org/packages/85/e4/07c80521879c2d15f321465ac24c70efe2381378c00bf5e56a0f4fbac8cd/protobuf-5.29.5-cp38-abi3-manylinux2014_x86_64.whl", hash = "sha256:63848923da3325e1bf7e9003d680ce6e14b07e55d0473253a690c3a8b8fd6e61", size = 319942, upload-time = "2025-05-28T23:51:49.11Z" },
    { url = "https://files.pythonhosted.org/packages/7e/cc/7e77861000a0691aeea8f4566e5d3aa716f2b1dece4a24439437e41d3d25/protobuf-5.29.5-py3-none-any.whl", hash = "sha256:6cf42630262c59b2d8de33954443d94b746c952b01434fc58a417fdbd2e84bd5", size = 172823, upload-time = "2025-05-28T23:51:58.157Z" },
]

[[package]]
name = "python-dateutil"
version = "2.9.0.post0"
source = { registry = "https://pypi.org/simple" }
dependencies = [
    { name = "six" },
]
sdist = { url = "https://files.pythonhosted.org/packages/66/c0/0c8b6ad9f17a802ee498c46e004a0eb49bc148f2fd230864601a86dcf6db/python-dateutil-2.9.0.post0.tar.gz", hash = "sha256:37dd54208da7e1cd875388217d5e00ebd4179249f90fb72437e91a35459a0ad3", size = 342432, upload-time = "2024-03-01T18:36:20.211Z" }
wheels = [
    { url = "https://files.pythonhosted.org/packages/ec/57/56b9bcc3c9c6a792fcbaf139543cee77261f3651ca9da0c93f5c1221264b/python_dateutil-2.9.0.post0-py2.py3-none-any.whl", hash = "sha256:a8b2bc7bffae282281c8140a97d3aa9c14da0b136dfe83f850eea9a5f7470427", size = 229892, upload-time = "2024-03-01T18:36:18.57Z" },
]

[[package]]
name = "six"
version = "1.17.0"
source = { registry = "https://pypi.org/simple" }
sdist = { url = "https://files.pythonhosted.org/packages/94/e7/b2c673351809dca68a0e064b6af791aa332cf192da575fd474ed7d6f16a2/six-1.17.0.tar.gz", hash = "sha256:ff70335d468e7eb6ec65b95b99d3a2836546063f63acc5171de367e834932a81", size = 34031, upload-time = "2024-12-04T17:35:28.174Z" }
wheels = [
    { url = "https://files.pythonhosted.org/packages/b7/ce/149a00dd41f10bc29e5921b496af8b574d8413afcd5e30dfa0ed46c2cc5e/six-1.17.0-py2.py3-none-any.whl", hash = "sha256:4721f391ed90541fddacab5acf947aa0d3dc7d27b2e1e8eda2be8970586c3274", size = 11050, upload-time = "2024-12-04T17:35:26.475Z" },
]

[[package]]
name = "temporalio"
version = "1.16.0"
source = { registry = "https://pypi.org/simple" }
dependencies = [
    { name = "nexus-rpc" },
    { name = "protobuf" },
    { name = "python-dateutil", marker = "python_full_version < '3.11'" },
    { name = "types-protobuf" },
    { name = "typing-extensions" },
]
sdist = { url = "https://files.pythonhosted.org/packages/f3/32/375ab75d0ebb468cf9c8abbc450a03d3a8c66401fc320b338bd8c00d36b4/temporalio-1.16.0.tar.gz", hash = "sha256:dd926f3e30626fd4edf5e0ce596b75ecb5bbe0e4a0281e545ac91b5577967c91", size = 1733873, upload-time = "2025-08-21T22:12:50.879Z" }
wheels = [
    { url = "https://files.pythonhosted.org/packages/e0/36/12bb7234c83ddca4b8b032c8f1a9e07a03067c6ed6d2ddb39c770a4c87c6/temporalio-1.16.0-cp39-abi3-macosx_11_0_arm64.whl", hash = "sha256:547c0853310350d3e5b5b9c806246cbf2feb523f685b05bf14ec1b0ece8a7bb6", size = 12540769, upload-time = "2025-08-21T22:11:24.551Z" },
    { url = "https://files.pythonhosted.org/packages/3c/16/a7d402435b8f994979abfeffd3f5ffcaaeada467ac16438e61c51c9f7abe/temporalio-1.16.0-cp39-abi3-manylinux_2_17_aarch64.manylinux2014_aarch64.whl", hash = "sha256:5b05bb0d06025645aed6f936615311a6774eb8dc66280f32a810aac2283e1258", size = 12968631, upload-time = "2025-08-21T22:11:48.375Z" },
    { url = "https://files.pythonhosted.org/packages/11/6f/16663eef877b61faa5fd917b3a63497416ec4319195af75f6169a1594479/temporalio-1.16.0-cp39-abi3-manylinux_2_17_x86_64.manylinux2014_x86_64.whl", hash = "sha256:0a08aed4e0f6c2b6bfc779b714e91dfe8c8491a0ddb4c4370627bb07f9bddcfd", size = 13164612, upload-time = "2025-08-21T22:12:16.366Z" },
    { url = "https://files.pythonhosted.org/packages/af/0e/8c6704ca7033aa09dc084f285d70481d758972cc341adc3c84d5f82f7b01/temporalio-1.16.0-cp39-abi3-win_amd64.whl", hash = "sha256:7c190362b0d7254f1f93fb71456063e7b299ac85a89f6227758af82c6a5aa65b", size = 13177058, upload-time = "2025-08-21T22:12:44.239Z" },
]

[[package]]
name = "types-protobuf"
version = "6.30.2.20250822"
source = { registry = "https://pypi.org/simple" }
sdist = { url = "https://files.pythonhosted.org/packages/61/68/0c7144be5c6dc16538e79458839fc914ea494481c7e64566de4ecc0c3682/types_protobuf-6.30.2.20250822.tar.gz", hash = "sha256:faacbbe87bd8cba4472361c0bd86f49296bd36f7761e25d8ada4f64767c1bde9", size = 62379, upload-time = "2025-08-22T03:01:56.572Z" }
wheels = [
    { url = "https://files.pythonhosted.org/packages/52/64/b926a6355993f712d7828772e42b9ae942f2d306d25072329805c374e729/types_protobuf-6.30.2.20250822-py3-none-any.whl", hash = "sha256:5584c39f7e36104b5f8bdfd31815fa1d5b7b3455a79ddddc097b62320f4b1841", size = 76523, upload-time = "2025-08-22T03:01:55.157Z" },
]

[[package]]
name = "typing-extensions"
version = "4.15.0"
source = { registry = "https://pypi.org/simple" }
sdist = { url = "https://files.pythonhosted.org/packages/72/94/1a15dd82efb362ac84269196e94cf00f187f7ed21c242792a923cdb1c61f/typing_extensions-4.15.0.tar.gz", hash = "sha256:0cea48d173cc12fa28ecabc3b837ea3cf6f38c6d1136f85cbaaf598984861466", size = 109391, upload-time = "2025-08-25T13:49:26.313Z" }
wheels = [
    { url = "https://files.pythonhosted.org/packages/18/67/36e9267722cc04a6b9f15c7f3441c2363321a3ea07da7ae0c0707beb2a9c/typing_extensions-4.15.0-py3-none-any.whl", hash = "sha256:f0fa19c6845758ab08074a0cfa8b7aecb71c999ca73d62883bc25cc018c4e548", size = 44614, upload-time = "2025-08-25T13:49:24.86Z" },
]
